
Microsoft Visual Studio Solution File, Format Version 12.00
# Visual Studio 15
VisualStudioVersion = 15.0.28307.271
MinimumVisualStudioVersion = 10.0.40219.1
Project("{FAE04EC0-301F-11D3-BF4B-00C04F79EFBC}") = "CSharpAutoTraining", "CSharpAutoTraining\CSharpAutoTraining.csproj", "{E83F1479-7C6A-41EA-B56F-05D559E1F475}"
EndProject
Project("{FAE04EC0-301F-11D3-BF4B-00C04F79EFBC}") = "Course1", "Course1\Course1.csproj", "{33BB538A-7AA7-4756-8ACB-D09D571E586C}"
EndProject
Project("{2150E333-8FDC-42A3-9474-1A3956D46DE8}") = "Course1", "Course1", "{9C645ECF-E1A2-4BB4-9038-A71652EC61F3}"
EndProject
Project("{2150E333-8FDC-42A3-9474-1A3956D46DE8}") = "Course3", "Course3", "{530537B3-49F8-43B0-961B-3F3794F7C473}"
EndProject
Project("{FAE04EC0-301F-11D3-BF4B-00C04F79EFBC}") = "Course3", "Course3\Course3.csproj", "{F5E664E2-00D1-4F3C-9223-8B1C747D611E}"
EndProject
Project("{2150E333-8FDC-42A3-9474-1A3956D46DE8}") = "Course2", "Course2", "{80B40A7C-905B-4205-A6A2-F6E81F3E7452}"
EndProject
Project("{FAE04EC0-301F-11D3-BF4B-00C04F79EFBC}") = "Course2", "Course2\Course2.csproj", "{8A2CE75F-3B22-45FF-8E0F-FE1E07D8018B}"
	ProjectSection(ProjectDependencies) = postProject
		{E83F1479-7C6A-41EA-B56F-05D559E1F475} = {E83F1479-7C6A-41EA-B56F-05D559E1F475}
	EndProjectSection
EndProject
Project("{2150E333-8FDC-42A3-9474-1A3956D46DE8}") = "Course5", "Course5", "{4AA8461C-4691-4364-937C-B5D96CB58A26}"
EndProject
Project("{FAE04EC0-301F-11D3-BF4B-00C04F79EFBC}") = "ApiCourse", "ApiCourse\ApiCourse.csproj", "{A0F088EA-0967-4E9F-9194-6424A281EE04}"
EndProject
Project("{2150E333-8FDC-42A3-9474-1A3956D46DE8}") = "Course4", "Course4", "{6C137AC8-F198-4409-8976-423DC72F4DA2}"
EndProject
Project("{FAE04EC0-301F-11D3-BF4B-00C04F79EFBC}") = "Course4", "Course4\Course4.csproj", "{1B4491CB-8193-4AD3-9C76-F0AA80903C1A}"
EndProject
Global
	GlobalSection(SolutionConfigurationPlatforms) = preSolution
		Debug|Any CPU = Debug|Any CPU
		Release|Any CPU = Release|Any CPU
	EndGlobalSection
	GlobalSection(ProjectConfigurationPlatforms) = postSolution
		{E83F1479-7C6A-41EA-B56F-05D559E1F475}.Debug|Any CPU.ActiveCfg = Debug|Any CPU
		{E83F1479-7C6A-41EA-B56F-05D559E1F475}.Debug|Any CPU.Build.0 = Debug|Any CPU
		{E83F1479-7C6A-41EA-B56F-05D559E1F475}.Release|Any CPU.ActiveCfg = Release|Any CPU
		{E83F1479-7C6A-41EA-B56F-05D559E1F475}.Release|Any CPU.Build.0 = Release|Any CPU
		{33BB538A-7AA7-4756-8ACB-D09D571E586C}.Debug|Any CPU.ActiveCfg = Debug|Any CPU
		{33BB538A-7AA7-4756-8ACB-D09D571E586C}.Debug|Any CPU.Build.0 = Debug|Any CPU
		{33BB538A-7AA7-4756-8ACB-D09D571E586C}.Release|Any CPU.ActiveCfg = Release|Any CPU
		{33BB538A-7AA7-4756-8ACB-D09D571E586C}.Release|Any CPU.Build.0 = Release|Any CPU
		{F5E664E2-00D1-4F3C-9223-8B1C747D611E}.Debug|Any CPU.ActiveCfg = Debug|Any CPU
		{F5E664E2-00D1-4F3C-9223-8B1C747D611E}.Debug|Any CPU.Build.0 = Debug|Any CPU
		{F5E664E2-00D1-4F3C-9223-8B1C747D611E}.Release|Any CPU.ActiveCfg = Release|Any CPU
		{F5E664E2-00D1-4F3C-9223-8B1C747D611E}.Release|Any CPU.Build.0 = Release|Any CPU
		{8A2CE75F-3B22-45FF-8E0F-FE1E07D8018B}.Debug|Any CPU.ActiveCfg = Debug|Any CPU
		{8A2CE75F-3B22-45FF-8E0F-FE1E07D8018B}.Debug|Any CPU.Build.0 = Debug|Any CPU
		{8A2CE75F-3B22-45FF-8E0F-FE1E07D8018B}.Release|Any CPU.ActiveCfg = Release|Any CPU
		{8A2CE75F-3B22-45FF-8E0F-FE1E07D8018B}.Release|Any CPU.Build.0 = Release|Any CPU
		{A0F088EA-0967-4E9F-9194-6424A281EE04}.Debug|Any CPU.ActiveCfg = Debug|Any CPU
		{A0F088EA-0967-4E9F-9194-6424A281EE04}.Debug|Any CPU.Build.0 = Debug|Any CPU
		{A0F088EA-0967-4E9F-9194-6424A281EE04}.Release|Any CPU.ActiveCfg = Release|Any CPU
		{A0F088EA-0967-4E9F-9194-6424A281EE04}.Release|Any CPU.Build.0 = Release|Any CPU
		{1B4491CB-8193-4AD3-9C76-F0AA80903C1A}.Debug|Any CPU.ActiveCfg = Debug|Any CPU
		{1B4491CB-8193-4AD3-9C76-F0AA80903C1A}.Debug|Any CPU.Build.0 = Debug|Any CPU
		{1B4491CB-8193-4AD3-9C76-F0AA80903C1A}.Release|Any CPU.ActiveCfg = Release|Any CPU
		{1B4491CB-8193-4AD3-9C76-F0AA80903C1A}.Release|Any CPU.Build.0 = Release|Any CPU
	EndGlobalSection
	GlobalSection(SolutionProperties) = preSolution
		HideSolutionNode = FALSE
	EndGlobalSection
	GlobalSection(NestedProjects) = preSolution
		{33BB538A-7AA7-4756-8ACB-D09D571E586C} = {9C645ECF-E1A2-4BB4-9038-A71652EC61F3}
		{F5E664E2-00D1-4F3C-9223-8B1C747D611E} = {530537B3-49F8-43B0-961B-3F3794F7C473}
		{8A2CE75F-3B22-45FF-8E0F-FE1E07D8018B} = {80B40A7C-905B-4205-A6A2-F6E81F3E7452}
		{A0F088EA-0967-4E9F-9194-6424A281EE04} = {4AA8461C-4691-4364-937C-B5D96CB58A26}
		{1B4491CB-8193-4AD3-9C76-F0AA80903C1A} = {6C137AC8-F198-4409-8976-423DC72F4DA2}
	EndGlobalSection
	GlobalSection(ExtensibilityGlobals) = postSolution
		SolutionGuid = {BDE5A9F1-376A-47DA-BAFF-FBBA43A26612}
	EndGlobalSection
EndGlobal
